
Microsoft Visual Studio Solution File, Format Version 12.00
# Visual Studio Version 17
VisualStudioVersion = 17.6.33815.320
MinimumVisualStudioVersion = 10.0.40219.1
Project("{FAE04EC0-301F-11D3-BF4B-00C04F79EFBC}") = "FlightSearch", "FlightSearch\FlightSearch.csproj", "{A11F63B0-4DF0-414D-BAC0-C2CAB4F3C3D6}"
EndProject
Global
	GlobalSection(SolutionConfigurationPlatforms) = preSolution
		Debug|Any CPU = Debug|Any CPU
		Release|Any CPU = Release|Any CPU
	EndGlobalSection
	GlobalSection(ProjectConfigurationPlatforms) = postSolution
		{A11F63B0-4DF0-414D-BAC0-C2CAB4F3C3D6}.Debug|Any CPU.ActiveCfg = Debug|Any CPU
		{A11F63B0-4DF0-414D-BAC0-C2CAB4F3C3D6}.Debug|Any CPU.Build.0 = Debug|Any CPU
		{A11F63B0-4DF0-414D-BAC0-C2CAB4F3C3D6}.Release|Any CPU.ActiveCfg = Release|Any CPU
		{A11F63B0-4DF0-414D-BAC0-C2CAB4F3C3D6}.Release|Any CPU.Build.0 = Release|Any CPU
	EndGlobalSection
	GlobalSection(SolutionProperties) = preSolution
		HideSolutionNode = FALSE
	EndGlobalSection
	GlobalSection(ExtensibilityGlobals) = postSolution
		SolutionGuid = {EEC85FC0-C7E7-49CC-A003-33A944F5FCF7}
	EndGlobalSection
EndGlobal
